
Microsoft Visual Studio Solution File, Format Version 12.00
# Visual Studio Version 17
VisualStudioVersion = 17.0.31903.59
MinimumVisualStudioVersion = 10.0.40219.1
Project("{2150E333-8FDC-42A3-9474-1A3956D46DE8}") = "src", "src", "{827E0CD3-B72D-47B6-A68D-7590B98EB39B}"
EndProject
Project("{2150E333-8FDC-42A3-9474-1A3956D46DE8}") = "shared", "shared", "{C8E42992-5E42-0C2B-DBFE-AA848D06431C}"
EndProject
Project("{FAE04EC0-301F-11D3-BF4B-00C04F79EFBC}") = "RotationsPlus.ServiceDefaults", "src\shared\RotationsPlus.ServiceDefaults\RotationsPlus.ServiceDefaults.csproj", "{975B668C-5A30-444E-9FBF-75AD40F38F52}"
EndProject
Project("{FAE04EC0-301F-11D3-BF4B-00C04F79EFBC}") = "RotationsPlus.Common", "src\shared\RotationsPlus.Common\RotationsPlus.Common.csproj", "{8240AF1F-0645-420D-AF98-DC6BE507D9CB}"
EndProject
Project("{FAE04EC0-301F-11D3-BF4B-00C04F79EFBC}") = "RotationsPlus.Contracts", "src\shared\RotationsPlus.Contracts\RotationsPlus.Contracts.csproj", "{0AEEAEFF-BB57-48D6-B796-B1AC4E890CD4}"
EndProject
Project("{2150E333-8FDC-42A3-9474-1A3956D46DE8}") = "api", "api", "{81034408-37C8-1011-444E-4C15C2FADA8E}"
EndProject
Project("{FAE04EC0-301F-11D3-BF4B-00C04F79EFBC}") = "RotationsPlus.Api", "src\api\RotationsPlus.Api\RotationsPlus.Api.csproj", "{3702254A-1F3C-41B9-93A1-05F7BE34020E}"
EndProject
Project("{2150E333-8FDC-42A3-9474-1A3956D46DE8}") = "worker", "worker", "{89BA21D6-604E-9DA1-5F6C-9062FD58212E}"
EndProject
Project("{FAE04EC0-301F-11D3-BF4B-00C04F79EFBC}") = "RotationsPlus.Worker", "src\worker\RotationsPlus.Worker\RotationsPlus.Worker.csproj", "{8BE54415-F074-4614-8D3D-0AF76D0E89BC}"
EndProject
Project("{2150E333-8FDC-42A3-9474-1A3956D46DE8}") = "tests", "tests", "{0AB3BF05-4346-4AA6-1389-037BE0695223}"
EndProject
Project("{2150E333-8FDC-42A3-9474-1A3956D46DE8}") = "unit", "unit", "{9D556B49-86D1-93A7-9596-FFAAB74EC556}"
EndProject
Project("{FAE04EC0-301F-11D3-BF4B-00C04F79EFBC}") = "RotationsPlus.Api.Tests", "tests\unit\RotationsPlus.Api.Tests\RotationsPlus.Api.Tests.csproj", "{FB7832B5-EB61-46B1-A3A6-96C3BBE12EFC}"
EndProject
Project("{FAE04EC0-301F-11D3-BF4B-00C04F79EFBC}") = "RotationsPlus.Worker.Tests", "tests\unit\RotationsPlus.Worker.Tests\RotationsPlus.Worker.Tests.csproj", "{55FEC216-88C3-45EB-9B3D-D6647E7A906B}"
EndProject
Project("{2150E333-8FDC-42A3-9474-1A3956D46DE8}") = "integration", "integration", "{28A6993C-471E-82FE-7D9E-AD3B1EC22BD9}"
EndProject
Project("{FAE04EC0-301F-11D3-BF4B-00C04F79EFBC}") = "RotationsPlus.Integration.Tests", "tests\integration\RotationsPlus.Integration.Tests\RotationsPlus.Integration.Tests.csproj", "{C8CFD073-8B5B-478F-A5FE-F1A98D82A978}"
EndProject
Project("{2150E333-8FDC-42A3-9474-1A3956D46DE8}") = "aspire", "aspire", "{52BF7FB6-37FF-5100-EFD1-124EFF302675}"
EndProject
Project("{FAE04EC0-301F-11D3-BF4B-00C04F79EFBC}") = "RotationsPlus.AppHost", "src\aspire\RotationsPlus.AppHost\RotationsPlus.AppHost.csproj", "{D9C07109-81A1-47C1-B13F-254852D07A27}"
EndProject
Global
	GlobalSection(SolutionConfigurationPlatforms) = preSolution
		Debug|Any CPU = Debug|Any CPU
		Debug|x64 = Debug|x64
		Debug|x86 = Debug|x86
		Release|Any CPU = Release|Any CPU
		Release|x64 = Release|x64
		Release|x86 = Release|x86
	EndGlobalSection
	GlobalSection(ProjectConfigurationPlatforms) = postSolution
		{975B668C-5A30-444E-9FBF-75AD40F38F52}.Debug|Any CPU.ActiveCfg = Debug|Any CPU
		{975B668C-5A30-444E-9FBF-75AD40F38F52}.Debug|Any CPU.Build.0 = Debug|Any CPU
		{975B668C-5A30-444E-9FBF-75AD40F38F52}.Debug|x64.ActiveCfg = Debug|Any CPU
		{975B668C-5A30-444E-9FBF-75AD40F38F52}.Debug|x64.Build.0 = Debug|Any CPU
		{975B668C-5A30-444E-9FBF-75AD40F38F52}.Debug|x86.ActiveCfg = Debug|Any CPU
		{975B668C-5A30-444E-9FBF-75AD40F38F52}.Debug|x86.Build.0 = Debug|Any CPU
		{975B668C-5A30-444E-9FBF-75AD40F38F52}.Release|Any CPU.ActiveCfg = Release|Any CPU
		{975B668C-5A30-444E-9FBF-75AD40F38F52}.Release|Any CPU.Build.0 = Release|Any CPU
		{975B668C-5A30-444E-9FBF-75AD40F38F52}.Release|x64.ActiveCfg = Release|Any CPU
		{975B668C-5A30-444E-9FBF-75AD40F38F52}.Release|x64.Build.0 = Release|Any CPU
		{975B668C-5A30-444E-9FBF-75AD40F38F52}.Release|x86.ActiveCfg = Release|Any CPU
		{975B668C-5A30-444E-9FBF-75AD40F38F52}.Release|x86.Build.0 = Release|Any CPU
		{8240AF1F-0645-420D-AF98-DC6BE507D9CB}.Debug|Any CPU.ActiveCfg = Debug|Any CPU
		{8240AF1F-0645-420D-AF98-DC6BE507D9CB}.Debug|Any CPU.Build.0 = Debug|Any CPU
		{8240AF1F-0645-420D-AF98-DC6BE507D9CB}.Debug|x64.ActiveCfg = Debug|Any CPU
		{8240AF1F-0645-420D-AF98-DC6BE507D9CB}.Debug|x64.Build.0 = Debug|Any CPU
		{8240AF1F-0645-420D-AF98-DC6BE507D9CB}.Debug|x86.ActiveCfg = Debug|Any CPU
		{8240AF1F-0645-420D-AF98-DC6BE507D9CB}.Debug|x86.Build.0 = Debug|Any CPU
		{8240AF1F-0645-420D-AF98-DC6BE507D9CB}.Release|Any CPU.ActiveCfg = Release|Any CPU
		{8240AF1F-0645-420D-AF98-DC6BE507D9CB}.Release|Any CPU.Build.0 = Release|Any CPU
		{8240AF1F-0645-420D-AF98-DC6BE507D9CB}.Release|x64.ActiveCfg = Release|Any CPU
		{8240AF1F-0645-420D-AF98-DC6BE507D9CB}.Release|x64.Build.0 = Release|Any CPU
		{8240AF1F-0645-420D-AF98-DC6BE507D9CB}.Release|x86.ActiveCfg = Release|Any CPU
		{8240AF1F-0645-420D-AF98-DC6BE507D9CB}.Release|x86.Build.0 = Release|Any CPU
		{0AEEAEFF-BB57-48D6-B796-B1AC4E890CD4}.Debug|Any CPU.ActiveCfg = Debug|Any CPU
		{0AEEAEFF-BB57-48D6-B796-B1AC4E890CD4}.Debug|Any CPU.Build.0 = Debug|Any CPU
		{0AEEAEFF-BB57-48D6-B796-B1AC4E890CD4}.Debug|x64.ActiveCfg = Debug|Any CPU
		{0AEEAEFF-BB57-48D6-B796-B1AC4E890CD4}.Debug|x64.Build.0 = Debug|Any CPU
		{0AEEAEFF-BB57-48D6-B796-B1AC4E890CD4}.Debug|x86.ActiveCfg = Debug|Any CPU
		{0AEEAEFF-BB57-48D6-B796-B1AC4E890CD4}.Debug|x86.Build.0 = Debug|Any CPU
		{0AEEAEFF-BB57-48D6-B796-B1AC4E890CD4}.Release|Any CPU.ActiveCfg = Release|Any CPU
		{0AEEAEFF-BB57-48D6-B796-B1AC4E890CD4}.Release|Any CPU.Build.0 = Release|Any CPU
		{0AEEAEFF-BB57-48D6-B796-B1AC4E890CD4}.Release|x64.ActiveCfg = Release|Any CPU
		{0AEEAEFF-BB57-48D6-B796-B1AC4E890CD4}.Release|x64.Build.0 = Release|Any CPU
		{0AEEAEFF-BB57-48D6-B796-B1AC4E890CD4}.Release|x86.ActiveCfg = Release|Any CPU
		{0AEEAEFF-BB57-48D6-B796-B1AC4E890CD4}.Release|x86.Build.0 = Release|Any CPU
		{3702254A-1F3C-41B9-93A1-05F7BE34020E}.Debug|Any CPU.ActiveCfg = Debug|Any CPU
		{3702254A-1F3C-41B9-93A1-05F7BE34020E}.Debug|Any CPU.Build.0 = Debug|Any CPU
		{3702254A-1F3C-41B9-93A1-05F7BE34020E}.Debug|x64.ActiveCfg = Debug|Any CPU
		{3702254A-1F3C-41B9-93A1-05F7BE34020E}.Debug|x64.Build.0 = Debug|Any CPU
		{3702254A-1F3C-41B9-93A1-05F7BE34020E}.Debug|x86.ActiveCfg = Debug|Any CPU
		{3702254A-1F3C-41B9-93A1-05F7BE34020E}.Debug|x86.Build.0 = Debug|Any CPU
		{3702254A-1F3C-41B9-93A1-05F7BE34020E}.Release|Any CPU.ActiveCfg = Release|Any CPU
		{3702254A-1F3C-41B9-93A1-05F7BE34020E}.Release|Any CPU.Build.0 = Release|Any CPU
		{3702254A-1F3C-41B9-93A1-05F7BE34020E}.Release|x64.ActiveCfg = Release|Any CPU
		{3702254A-1F3C-41B9-93A1-05F7BE34020E}.Release|x64.Build.0 = Release|Any CPU
		{3702254A-1F3C-41B9-93A1-05F7BE34020E}.Release|x86.ActiveCfg = Release|Any CPU
		{3702254A-1F3C-41B9-93A1-05F7BE34020E}.Release|x86.Build.0 = Release|Any CPU
		{8BE54415-F074-4614-8D3D-0AF76D0E89BC}.Debug|Any CPU.ActiveCfg = Debug|Any CPU
		{8BE54415-F074-4614-8D3D-0AF76D0E89BC}.Debug|Any CPU.Build.0 = Debug|Any CPU
		{8BE54415-F074-4614-8D3D-0AF76D0E89BC}.Debug|x64.ActiveCfg = Debug|Any CPU
		{8BE54415-F074-4614-8D3D-0AF76D0E89BC}.Debug|x64.Build.0 = Debug|Any CPU
		{8BE54415-F074-4614-8D3D-0AF76D0E89BC}.Debug|x86.ActiveCfg = Debug|Any CPU
		{8BE54415-F074-4614-8D3D-0AF76D0E89BC}.Debug|x86.Build.0 = Debug|Any CPU
		{8BE54415-F074-4614-8D3D-0AF76D0E89BC}.Release|Any CPU.ActiveCfg = Release|Any CPU
		{8BE54415-F074-4614-8D3D-0AF76D0E89BC}.Release|Any CPU.Build.0 = Release|Any CPU
		{8BE54415-F074-4614-8D3D-0AF76D0E89BC}.Release|x64.ActiveCfg = Release|Any CPU
		{8BE54415-F074-4614-8D3D-0AF76D0E89BC}.Release|x64.Build.0 = Release|Any CPU
		{8BE54415-F074-4614-8D3D-0AF76D0E89BC}.Release|x86.ActiveCfg = Release|Any CPU
		{8BE54415-F074-4614-8D3D-0AF76D0E89BC}.Release|x86.Build.0 = Release|Any CPU
		{FB7832B5-EB61-46B1-A3A6-96C3BBE12EFC}.Debug|Any CPU.ActiveCfg = Debug|Any CPU
		{FB7832B5-EB61-46B1-A3A6-96C3BBE12EFC}.Debug|Any CPU.Build.0 = Debug|Any CPU
		{FB7832B5-EB61-46B1-A3A6-96C3BBE12EFC}.Debug|x64.ActiveCfg = Debug|Any CPU
		{FB7832B5-EB61-46B1-A3A6-96C3BBE12EFC}.Debug|x64.Build.0 = Debug|Any CPU
		{FB7832B5-EB61-46B1-A3A6-96C3BBE12EFC}.Debug|x86.ActiveCfg = Debug|Any CPU
		{FB7832B5-EB61-46B1-A3A6-96C3BBE12EFC}.Debug|x86.Build.0 = Debug|Any CPU
		{FB7832B5-EB61-46B1-A3A6-96C3BBE12EFC}.Release|Any CPU.ActiveCfg = Release|Any CPU
		{FB7832B5-EB61-46B1-A3A6-96C3BBE12EFC}.Release|Any CPU.Build.0 = Release|Any CPU
		{FB7832B5-EB61-46B1-A3A6-96C3BBE12EFC}.Release|x64.ActiveCfg = Release|Any CPU
		{FB7832B5-EB61-46B1-A3A6-96C3BBE12EFC}.Release|x64.Build.0 = Release|Any CPU
		{FB7832B5-EB61-46B1-A3A6-96C3BBE12EFC}.Release|x86.ActiveCfg = Release|Any CPU
		{FB7832B5-EB61-46B1-A3A6-96C3BBE12EFC}.Release|x86.Build.0 = Release|Any CPU
		{55FEC216-88C3-45EB-9B3D-D6647E7A906B}.Debug|Any CPU.ActiveCfg = Debug|Any CPU
		{55FEC216-88C3-45EB-9B3D-D6647E7A906B}.Debug|Any CPU.Build.0 = Debug|Any CPU
		{55FEC216-88C3-45EB-9B3D-D6647E7A906B}.Debug|x64.ActiveCfg = Debug|Any CPU
		{55FEC216-88C3-45EB-9B3D-D6647E7A906B}.Debug|x64.Build.0 = Debug|Any CPU
		{55FEC216-88C3-45EB-9B3D-D6647E7A906B}.Debug|x86.ActiveCfg = Debug|Any CPU
		{55FEC216-88C3-45EB-9B3D-D6647E7A906B}.Debug|x86.Build.0 = Debug|Any CPU
		{55FEC216-88C3-45EB-9B3D-D6647E7A906B}.Release|Any CPU.ActiveCfg = Release|Any CPU
		{55FEC216-88C3-45EB-9B3D-D6647E7A906B}.Release|Any CPU.Build.0 = Release|Any CPU
		{55FEC216-88C3-45EB-9B3D-D6647E7A906B}.Release|x64.ActiveCfg = Release|Any CPU
		{55FEC216-88C3-45EB-9B3D-D6647E7A906B}.Release|x64.Build.0 = Release|Any CPU
		{55FEC216-88C3-45EB-9B3D-D6647E7A906B}.Release|x86.ActiveCfg = Release|Any CPU
		{55FEC216-88C3-45EB-9B3D-D6647E7A906B}.Release|x86.Build.0 = Release|Any CPU
		{C8CFD073-8B5B-478F-A5FE-F1A98D82A978}.Debug|Any CPU.ActiveCfg = Debug|Any CPU
		{C8CFD073-8B5B-478F-A5FE-F1A98D82A978}.Debug|Any CPU.Build.0 = Debug|Any CPU
		{C8CFD073-8B5B-478F-A5FE-F1A98D82A978}.Debug|x64.ActiveCfg = Debug|Any CPU
		{C8CFD073-8B5B-478F-A5FE-F1A98D82A978}.Debug|x64.Build.0 = Debug|Any CPU
		{C8CFD073-8B5B-478F-A5FE-F1A98D82A978}.Debug|x86.ActiveCfg = Debug|Any CPU
		{C8CFD073-8B5B-478F-A5FE-F1A98D82A978}.Debug|x86.Build.0 = Debug|Any CPU
		{C8CFD073-8B5B-478F-A5FE-F1A98D82A978}.Release|Any CPU.ActiveCfg = Release|Any CPU
		{C8CFD073-8B5B-478F-A5FE-F1A98D82A978}.Release|Any CPU.Build.0 = Release|Any CPU
		{C8CFD073-8B5B-478F-A5FE-F1A98D82A978}.Release|x64.ActiveCfg = Release|Any CPU
		{C8CFD073-8B5B-478F-A5FE-F1A98D82A978}.Release|x64.Build.0 = Release|Any CPU
		{C8CFD073-8B5B-478F-A5FE-F1A98D82A978}.Release|x86.ActiveCfg = Release|Any CPU
		{C8CFD073-8B5B-478F-A5FE-F1A98D82A978}.Release|x86.Build.0 = Release|Any CPU
		{D9C07109-81A1-47C1-B13F-254852D07A27}.Debug|Any CPU.ActiveCfg = Debug|Any CPU
		{D9C07109-81A1-47C1-B13F-254852D07A27}.Debug|Any CPU.Build.0 = Debug|Any CPU
		{D9C07109-81A1-47C1-B13F-254852D07A27}.Debug|x64.ActiveCfg = Debug|Any CPU
		{D9C07109-81A1-47C1-B13F-254852D07A27}.Debug|x64.Build.0 = Debug|Any CPU
		{D9C07109-81A1-47C1-B13F-254852D07A27}.Debug|x86.ActiveCfg = Debug|Any CPU
		{D9C07109-81A1-47C1-B13F-254852D07A27}.Debug|x86.Build.0 = Debug|Any CPU
		{D9C07109-81A1-47C1-B13F-254852D07A27}.Release|Any CPU.ActiveCfg = Release|Any CPU
		{D9C07109-81A1-47C1-B13F-254852D07A27}.Release|Any CPU.Build.0 = Release|Any CPU
		{D9C07109-81A1-47C1-B13F-254852D07A27}.Release|x64.ActiveCfg = Release|Any CPU
		{D9C07109-81A1-47C1-B13F-254852D07A27}.Release|x64.Build.0 = Release|Any CPU
		{D9C07109-81A1-47C1-B13F-254852D07A27}.Release|x86.ActiveCfg = Release|Any CPU
		{D9C07109-81A1-47C1-B13F-254852D07A27}.Release|x86.Build.0 = Release|Any CPU
	EndGlobalSection
	GlobalSection(SolutionProperties) = preSolution
		HideSolutionNode = FALSE
	EndGlobalSection
	GlobalSection(NestedProjects) = preSolution
		{C8E42992-5E42-0C2B-DBFE-AA848D06431C} = {827E0CD3-B72D-47B6-A68D-7590B98EB39B}
		{975B668C-5A30-444E-9FBF-75AD40F38F52} = {C8E42992-5E42-0C2B-DBFE-AA848D06431C}
		{8240AF1F-0645-420D-AF98-DC6BE507D9CB} = {C8E42992-5E42-0C2B-DBFE-AA848D06431C}
		{0AEEAEFF-BB57-48D6-B796-B1AC4E890CD4} = {C8E42992-5E42-0C2B-DBFE-AA848D06431C}
		{81034408-37C8-1011-444E-4C15C2FADA8E} = {827E0CD3-B72D-47B6-A68D-7590B98EB39B}
		{3702254A-1F3C-41B9-93A1-05F7BE34020E} = {81034408-37C8-1011-444E-4C15C2FADA8E}
		{89BA21D6-604E-9DA1-5F6C-9062FD58212E} = {827E0CD3-B72D-47B6-A68D-7590B98EB39B}
		{8BE54415-F074-4614-8D3D-0AF76D0E89BC} = {89BA21D6-604E-9DA1-5F6C-9062FD58212E}
		{9D556B49-86D1-93A7-9596-FFAAB74EC556} = {0AB3BF05-4346-4AA6-1389-037BE0695223}
		{FB7832B5-EB61-46B1-A3A6-96C3BBE12EFC} = {9D556B49-86D1-93A7-9596-FFAAB74EC556}
		{55FEC216-88C3-45EB-9B3D-D6647E7A906B} = {9D556B49-86D1-93A7-9596-FFAAB74EC556}
		{28A6993C-471E-82FE-7D9E-AD3B1EC22BD9} = {0AB3BF05-4346-4AA6-1389-037BE0695223}
		{C8CFD073-8B5B-478F-A5FE-F1A98D82A978} = {28A6993C-471E-82FE-7D9E-AD3B1EC22BD9}
		{52BF7FB6-37FF-5100-EFD1-124EFF302675} = {827E0CD3-B72D-47B6-A68D-7590B98EB39B}
		{D9C07109-81A1-47C1-B13F-254852D07A27} = {52BF7FB6-37FF-5100-EFD1-124EFF302675}
	EndGlobalSection
EndGlobal
